
Microsoft Visual Studio Solution File, Format Version 12.00
# Visual Studio Version 16
VisualStudioVersion = 16.0.31424.327
MinimumVisualStudioVersion = 10.0.40219.1
Project("{FAE04EC0-301F-11D3-BF4B-00C04F79EFBC}") = "Reverse", "Reverse\Reverse.csproj", "{ADBF1D03-99A1-45CC-B1EB-D6631CCDD028}"
EndProject
Global
	GlobalSection(SolutionConfigurationPlatforms) = preSolution
		Debug|Any CPU = Debug|Any CPU
		Release|Any CPU = Release|Any CPU
	EndGlobalSection
	GlobalSection(ProjectConfigurationPlatforms) = postSolution
		{ADBF1D03-99A1-45CC-B1EB-D6631CCDD028}.Debug|Any CPU.ActiveCfg = Debug|Any CPU
		{ADBF1D03-99A1-45CC-B1EB-D6631CCDD028}.Debug|Any CPU.Build.0 = Debug|Any CPU
		{ADBF1D03-99A1-45CC-B1EB-D6631CCDD028}.Release|Any CPU.ActiveCfg = Release|Any CPU
		{ADBF1D03-99A1-45CC-B1EB-D6631CCDD028}.Release|Any CPU.Build.0 = Release|Any CPU
	EndGlobalSection
	GlobalSection(SolutionProperties) = preSolution
		HideSolutionNode = FALSE
	EndGlobalSection
	GlobalSection(ExtensibilityGlobals) = postSolution
		SolutionGuid = {0C827814-B51F-48DA-835C-481CF0C2A1DB}
	EndGlobalSection
EndGlobal
